
Microsoft Visual Studio Solution File, Format Version 12.00
# Visual Studio Version 16
VisualStudioVersion = 16.0.32428.217
MinimumVisualStudioVersion = 10.0.40219.1
Project("{159641D6-6404-4A2A-AE62-294DE0FE8301}") = "IT20142964", "..\..\..\Desktop\IT20142964.dtproj", "{B916F0C3-44C3-45F4-BB69-8F8CB1861D6F}"
EndProject
Global
	GlobalSection(SolutionConfigurationPlatforms) = preSolution
		Development|Default = Development|Default
	EndGlobalSection
	GlobalSection(ProjectConfigurationPlatforms) = postSolution
		{B916F0C3-44C3-45F4-BB69-8F8CB1861D6F}.Development|Default.ActiveCfg = Development
		{B916F0C3-44C3-45F4-BB69-8F8CB1861D6F}.Development|Default.Build.0 = Development
	EndGlobalSection
	GlobalSection(SolutionProperties) = preSolution
		HideSolutionNode = FALSE
	EndGlobalSection
	GlobalSection(ExtensibilityGlobals) = postSolution
		SolutionGuid = {9F851B65-0B7F-4CBF-AC8F-A1B99663BCD0}
	EndGlobalSection
EndGlobal
